
Microsoft Visual Studio Solution File, Format Version 12.00
# Visual Studio Version 16
VisualStudioVersion = 16.0.32510.428
MinimumVisualStudioVersion = 10.0.40219.1
Project("{8BC9CEB8-8B4A-11D0-8D11-00A0C91BC942}") = "GameEngine", "GameEngine\GameEngine.vcxproj", "{687AC067-106A-47EF-9076-895F60402A22}"
EndProject
Global
	GlobalSection(SolutionConfigurationPlatforms) = preSolution
		Debug|x64 = Debug|x64
		Debug|x86 = Debug|x86
		Release|x64 = Release|x64
		Release|x86 = Release|x86
	EndGlobalSection
	GlobalSection(ProjectConfigurationPlatforms) = postSolution
		{687AC067-106A-47EF-9076-895F60402A22}.Debug|x64.ActiveCfg = Debug|x64
		{687AC067-106A-47EF-9076-895F60402A22}.Debug|x64.Build.0 = Debug|x64
		{687AC067-106A-47EF-9076-895F60402A22}.Debug|x86.ActiveCfg = Debug|Win32
		{687AC067-106A-47EF-9076-895F60402A22}.Debug|x86.Build.0 = Debug|Win32
		{687AC067-106A-47EF-9076-895F60402A22}.Release|x64.ActiveCfg = Release|x64
		{687AC067-106A-47EF-9076-895F60402A22}.Release|x64.Build.0 = Release|x64
		{687AC067-106A-47EF-9076-895F60402A22}.Release|x86.ActiveCfg = Release|Win32
		{687AC067-106A-47EF-9076-895F60402A22}.Release|x86.Build.0 = Release|Win32
	EndGlobalSection
	GlobalSection(SolutionProperties) = preSolution
		HideSolutionNode = FALSE
	EndGlobalSection
	GlobalSection(ExtensibilityGlobals) = postSolution
		SolutionGuid = {6BCD1860-F60E-49E8-B520-F519D300FB21}
	EndGlobalSection
EndGlobal
